
Microsoft Visual Studio Solution File, Format Version 12.00
# Visual Studio Version 17
VisualStudioVersion = 17.2.32630.192
MinimumVisualStudioVersion = 10.0.40219.1
Project("{FAE04EC0-301F-11D3-BF4B-00C04F79EFBC}") = "MvvmSqlite", "MvvmSqlite\MvvmSqlite.csproj", "{69E82458-C54B-4BFB-9FF3-B6757A7F7C7A}"
EndProject
Global
	GlobalSection(SolutionConfigurationPlatforms) = preSolution
		Debug|Any CPU = Debug|Any CPU
		Release|Any CPU = Release|Any CPU
	EndGlobalSection
	GlobalSection(ProjectConfigurationPlatforms) = postSolution
		{69E82458-C54B-4BFB-9FF3-B6757A7F7C7A}.Debug|Any CPU.ActiveCfg = Debug|Any CPU
		{69E82458-C54B-4BFB-9FF3-B6757A7F7C7A}.Debug|Any CPU.Build.0 = Debug|Any CPU
		{69E82458-C54B-4BFB-9FF3-B6757A7F7C7A}.Release|Any CPU.ActiveCfg = Release|Any CPU
		{69E82458-C54B-4BFB-9FF3-B6757A7F7C7A}.Release|Any CPU.Build.0 = Release|Any CPU
	EndGlobalSection
	GlobalSection(SolutionProperties) = preSolution
		HideSolutionNode = FALSE
	EndGlobalSection
	GlobalSection(ExtensibilityGlobals) = postSolution
		SolutionGuid = {540010CF-695C-4553-8540-E9CCCFDC0040}
	EndGlobalSection
EndGlobal
